// !$*UTF8*$!
{
	archiveVersion = 1;
	classes = {
	};
	objectVersion = 48;
	objects = {

/* Begin PBXBuildFile section */
		15962F6920B3A7520050B428 /* StoreKit.framework in Frameworks */ = {isa = PBXBuildFile; fileRef = 15962F6820B3A7520050B428 /* StoreKit.framework */; };
		15C3266F20A56B330032E3E6 /* STImageVIew.m in Sources */ = {isa = PBXBuildFile; fileRef = 15C3266920A56B190032E3E6 /* STImageVIew.m */; };
		15C3267120A56B390032E3E6 /* UIView+Extension.m in Sources */ = {isa = PBXBuildFile; fileRef = 15C3266E20A56B190032E3E6 /* UIView+Extension.m */; };
		15C3267220A56C730032E3E6 /* STPhotoBroswer.m in Sources */ = {isa = PBXBuildFile; fileRef = 15C3266B20A56B190032E3E6 /* STPhotoBroswer.m */; };
		15FAC16A20A524D600DD5E1B /* AppDelegate.m in Sources */ = {isa = PBXBuildFile; fileRef = 15FAC16920A524D600DD5E1B /* AppDelegate.m */; };
		15FAC16D20A524D700DD5E1B /* ViewController.m in Sources */ = {isa = PBXBuildFile; fileRef = 15FAC16C20A524D700DD5E1B /* ViewController.m */; };
		15FAC17020A524D700DD5E1B /* Main.storyboard in Resources */ = {isa = PBXBuildFile; fileRef = 15FAC16E20A524D700DD5E1B /* Main.storyboard */; };
		15FAC17520A524D700DD5E1B /* LaunchScreen.storyboard in Resources */ = {isa = PBXBuildFile; fileRef = 15FAC17320A524D700DD5E1B /* LaunchScreen.storyboard */; };
		15FAC17820A524D800DD5E1B /* main.m in Sources */ = {isa = PBXBuildFile; fileRef = 15FAC17720A524D800DD5E1B /* main.m */; };
		15FAC18220A524D800DD5E1B /* CutImageForYouTests.m in Sources */ = {isa = PBXBuildFile; fileRef = 15FAC18120A524D800DD5E1B /* CutImageForYouTests.m */; };
		15FAC18D20A524D800DD5E1B /* CutImageForYouUITests.m in Sources */ = {isa = PBXBuildFile; fileRef = 15FAC18C20A524D800DD5E1B /* CutImageForYouUITests.m */; };
		F758C81120A6F5260083B2B7 /* Assets.xcassets in Resources */ = {isa = PBXBuildFile; fileRef = F758C81020A6F5260083B2B7 /* Assets.xcassets */; };
		F76B57842100D54A000DA33F /* XinViewController.m in Sources */ = {isa = PBXBuildFile; fileRef = F76B57832100D54A000DA33F /* XinViewController.m */; };
		F76B57862100D6C5000DA33F /* 返回箭头2.png in Resources */ = {isa = PBXBuildFile; fileRef = F76B57852100D6C5000DA33F /* 返回箭头2.png */; };
		F76B57892100DBEA000DA33F /* XinImage0ViewController.m in Sources */ = {isa = PBXBuildFile; fileRef = F76B57882100DBEA000DA33F /* XinImage0ViewController.m */; };
		F76B578D2100DD09000DA33F /* XinBaseViewController.m in Sources */ = {isa = PBXBuildFile; fileRef = F76B578C2100DD09000DA33F /* XinBaseViewController.m */; };
		F76B57902100DF70000DA33F /* XinImage1ViewController.m in Sources */ = {isa = PBXBuildFile; fileRef = F76B578F2100DF70000DA33F /* XinImage1ViewController.m */; };
		F76B57932100DF7E000DA33F /* XinImage2ViewController.m in Sources */ = {isa = PBXBuildFile; fileRef = F76B57922100DF7E000DA33F /* XinImage2ViewController.m */; };
		F76B57962100DF99000DA33F /* XinImage3ViewController.m in Sources */ = {isa = PBXBuildFile; fileRef = F76B57952100DF99000DA33F /* XinImage3ViewController.m */; };
		F76B57992100DFA6000DA33F /* XinImage4ViewController.m in Sources */ = {isa = PBXBuildFile; fileRef = F76B57982100DFA6000DA33F /* XinImage4ViewController.m */; };
		F76B579C2100DFB1000DA33F /* XinImage5ViewController.m in Sources */ = {isa = PBXBuildFile; fileRef = F76B579B2100DFB1000DA33F /* XinImage5ViewController.m */; };
		F76B579F2100DFC4000DA33F /* XinImage6ViewController.m in Sources */ = {isa = PBXBuildFile; fileRef = F76B579E2100DFC4000DA33F /* XinImage6ViewController.m */; };
		F76B57A22100DFCE000DA33F /* XinImage7ViewController.m in Sources */ = {isa = PBXBuildFile; fileRef = F76B57A12100DFCE000DA33F /* XinImage7ViewController.m */; };
		F76B57A52100DFD8000DA33F /* XinImage8ViewController.m in Sources */ = {isa = PBXBuildFile; fileRef = F76B57A42100DFD8000DA33F /* XinImage8ViewController.m */; };
		F795C98820C037AF000E0318 /* BCJiuGongGeImageManager.m in Sources */ = {isa = PBXBuildFile; fileRef = F795C98720C037AF000E0318 /* BCJiuGongGeImageManager.m */; };
		F79A83A920A6F5FC008EC8E1 /* Assets.xcassets in Resources */ = {isa = PBXBuildFile; fileRef = F758C81020A6F5260083B2B7 /* Assets.xcassets */; };
		F7EDFE9B2101C05F0007F4A8 /* 分享1@3x.png in Resources */ = {isa = PBXBuildFile; fileRef = F7EDFE9A2101C05F0007F4A8 /* 分享1@3x.png */; };
		F7EDFE9D2101C1060007F4A8 /* 下载1@3x.png in Resources */ = {isa = PBXBuildFile; fileRef = F7EDFE9C2101C1060007F4A8 /* 下载1@3x.png */; };
		F7F1530620A5DF1E00525F05 /* ZJViewShow.m in Sources */ = {isa = PBXBuildFile; fileRef = F7F152FE20A5DF1E00525F05 /* ZJViewShow.m */; };
		F7F1532C20A5EB1900525F05 /* Factory.m in Sources */ = {isa = PBXBuildFile; fileRef = F7F1531020A5EB1800525F05 /* Factory.m */; };
		F7F1532D20A5EB1900525F05 /* weibo.jpg in Resources */ = {isa = PBXBuildFile; fileRef = F7F1531220A5EB1800525F05 /* weibo.jpg */; };
		F7F1532E20A5EB1900525F05 /* iconcheng.png in Resources */ = {isa = PBXBuildFile; fileRef = F7F1531320A5EB1800525F05 /* iconcheng.png */; };
		F7F1532F20A5EB1900525F05 /* zhihuIcon.jpg in Resources */ = {isa = PBXBuildFile; fileRef = F7F1531420A5EB1800525F05 /* zhihuIcon.jpg */; };
		F7F1533020A5EB1900525F05 /* UIImage+ImageEffects.m in Sources */ = {isa = PBXBuildFile; fileRef = F7F1531520A5EB1800525F05 /* UIImage+ImageEffects.m */; };
		F7F1533120A5EB1900525F05 /* ico_分享.png in Resources */ = {isa = PBXBuildFile; fileRef = F7F1531720A5EB1800525F05 /* ico_分享.png */; };
		F7F1533220A5EB1900525F05 /* 增值服务2.png in Resources */ = {isa = PBXBuildFile; fileRef = F7F1531820A5EB1800525F05 /* 增值服务2.png */; };
		F7F1533320A5EB1900525F05 /* QQ20180311-3.jpg in Resources */ = {isa = PBXBuildFile; fileRef = F7F1531920A5EB1800525F05 /* QQ20180311-3.jpg */; };
		F7F1533420A5EB1900525F05 /* 关闭2.png in Resources */ = {isa = PBXBuildFile; fileRef = F7F1531A20A5EB1800525F05 /* 关闭2.png */; };
		F7F1533520A5EB1900525F05 /* ico_分享1@3x.png in Resources */ = {isa = PBXBuildFile; fileRef = F7F1531B20A5EB1800525F05 /* ico_分享1@3x.png */; };
		F7F1533620A5EB1900525F05 /* 关闭3.png in Resources */ = {isa = PBXBuildFile; fileRef = F7F1531C20A5EB1800525F05 /* 关闭3.png */; };
		F7F1533720A5EB1900525F05 /* QQ20180311-1.jpg in Resources */ = {isa = PBXBuildFile; fileRef = F7F1531D20A5EB1800525F05 /* QQ20180311-1.jpg */; };
		F7F1533820A5EB1900525F05 /* 反馈问题@3x.png in Resources */ = {isa = PBXBuildFile; fileRef = F7F1531E20A5EB1800525F05 /* 反馈问题@3x.png */; };
		F7F1533920A5EB1900525F05 /* 星级1@3x.png in Resources */ = {isa = PBXBuildFile; fileRef = F7F1531F20A5EB1800525F05 /* 星级1@3x.png */; };
		F7F1533A20A5EB1900525F05 /* iconshoudiantong.png in Resources */ = {isa = PBXBuildFile; fileRef = F7F1532020A5EB1800525F05 /* iconshoudiantong.png */; };
		F7F1533B20A5EB1900525F05 /* 增值服务1@3x.png in Resources */ = {isa = PBXBuildFile; fileRef = F7F1532120A5EB1800525F05 /* 增值服务1@3x.png */; };
		F7F1533C20A5EB1900525F05 /* IMG_0122.JPG in Resources */ = {isa = PBXBuildFile; fileRef = F7F1532220A5EB1800525F05 /* IMG_0122.JPG */; };
		F7F1533D20A5EB1900525F05 /* 沙漏@3x.png in Resources */ = {isa = PBXBuildFile; fileRef = F7F1532320A5EB1800525F05 /* 沙漏@3x.png */; };
		F7F1533E20A5EB1900525F05 /* 增值服务@3x.png in Resources */ = {isa = PBXBuildFile; fileRef = F7F1532420A5EB1800525F05 /* 增值服务@3x.png */; };
		F7F1533F20A5EB1900525F05 /* 返回1.png in Resources */ = {isa = PBXBuildFile; fileRef = F7F1532520A5EB1800525F05 /* 返回1.png */; };
		F7F1534020A5EB1900525F05 /* 星级2@3x.png in Resources */ = {isa = PBXBuildFile; fileRef = F7F1532620A5EB1800525F05 /* 星级2@3x.png */; };
		F7F1534120A5EB1900525F05 /* 星级.png in Resources */ = {isa = PBXBuildFile; fileRef = F7F1532720A5EB1800525F05 /* 星级.png */; };
		F7F1534220A5EB1900525F05 /* AboutViewController.m in Sources */ = {isa = PBXBuildFile; fileRef = F7F1532920A5EB1800525F05 /* AboutViewController.m */; };
		F7F1534320A5EB1900525F05 /* SettingViewController.m in Sources */ = {isa = PBXBuildFile; fileRef = F7F1532B20A5EB1800525F05 /* SettingViewController.m */; };
		F7F1534720A5EB5200525F05 /* MainContentCell.xib in Resources */ = {isa = PBXBuildFile; fileRef = F7F1534420A5EB5200525F05 /* MainContentCell.xib */; };
		F7F1534820A5EB5200525F05 /* MainContentCell.m in Sources */ = {isa = PBXBuildFile; fileRef = F7F1534520A5EB5200525F05 /* MainContentCell.m */; };
		F7F1534E20A5F21500525F05 /* BmobSDK.framework in Frameworks */ = {isa = PBXBuildFile; fileRef = F7F1534D20A5F21500525F05 /* BmobSDK.framework */; };
		F7F1535120A5F23A00525F05 /* Social.framework in Frameworks */ = {isa = PBXBuildFile; fileRef = F7F1535020A5F23A00525F05 /* Social.framework */; };
		F7F1535320A5F24C00525F05 /* Security.framework in Frameworks */ = {isa = PBXBuildFile; fileRef = F7F1535220A5F24C00525F05 /* Security.framework */; };
		F7F1535520A5F25D00525F05 /* libsqlite3.tbd in Frameworks */ = {isa = PBXBuildFile; fileRef = F7F1535420A5F25D00525F05 /* libsqlite3.tbd */; };
		F7F1535720A5F26A00525F05 /* libz.tbd in Frameworks */ = {isa = PBXBuildFile; fileRef = F7F1535620A5F26A00525F05 /* libz.tbd */; };
		F7F1535920A5F27800525F05 /* libc++.tbd in Frameworks */ = {isa = PBXBuildFile; fileRef = F7F1535820A5F27800525F05 /* libc++.tbd */; };
		F7F1535B20A5F28200525F05 /* AudioToolbox.framework in Frameworks */ = {isa = PBXBuildFile; fileRef = F7F1535A20A5F28200525F05 /* AudioToolbox.framework */; };
		F7F1535D20A5F28A00525F05 /* CoreLocation.framework in Frameworks */ = {isa = PBXBuildFile; fileRef = F7F1535C20A5F28A00525F05 /* CoreLocation.framework */; };
		F7F1535F20A5F29700525F05 /* CoreGraphics.framework in Frameworks */ = {isa = PBXBuildFile; fileRef = F7F1535E20A5F29700525F05 /* CoreGraphics.framework */; };
		F7F1536120A5F2A000525F05 /* MobileCoreServices.framework in Frameworks */ = {isa = PBXBuildFile; fileRef = F7F1536020A5F2A000525F05 /* MobileCoreServices.framework */; };
		F7F1536320A5F2AA00525F05 /* CFNetwork.framework in Frameworks */ = {isa = PBXBuildFile; fileRef = F7F1536220A5F2AA00525F05 /* CFNetwork.framework */; };
		F7F1536520A5F2B200525F05 /* CoreTelephony.framework in Frameworks */ = {isa = PBXBuildFile; fileRef = F7F1536420A5F2B200525F05 /* CoreTelephony.framework */; };
		F7F1536720A5F2BA00525F05 /* SystemConfiguration.framework in Frameworks */ = {isa = PBXBuildFile; fileRef = F7F1536620A5F2BA00525F05 /* SystemConfiguration.framework */; };
		F7F1536920A5F2C200525F05 /* libz.1.2.5.tbd in Frameworks */ = {isa = PBXBuildFile; fileRef = F7F1536820A5F2C200525F05 /* libz.1.2.5.tbd */; };
		F7F1536B20A5F2CF00525F05 /* libicucore.tbd in Frameworks */ = {isa = PBXBuildFile; fileRef = F7F1536A20A5F2CF00525F05 /* libicucore.tbd */; };
		F7F1536D20A5F2D800525F05 /* Photos.framework in Frameworks */ = {isa = PBXBuildFile; fileRef = F7F1536C20A5F2D800525F05 /* Photos.framework */; };
		F7F1537020A5FEED00525F05 /* LaunchViewController.m in Sources */ = {isa = PBXBuildFile; fileRef = F7F1536F20A5FEED00525F05 /* LaunchViewController.m */; };
/* End PBXBuildFile section */

/* Begin PBXContainerItemProxy section */
		15FAC17E20A524D800DD5E1B /* PBXContainerItemProxy */ = {
			isa = PBXContainerItemProxy;
			containerPortal = 15FAC15D20A524D500DD5E1B /* Project object */;
			proxyType = 1;
			remoteGlobalIDString = 15FAC16420A524D600DD5E1B;
			remoteInfo = CutImageForYou;
		};
		15FAC18920A524D800DD5E1B /* PBXContainerItemProxy */ = {
			isa = PBXContainerItemProxy;
			containerPortal = 15FAC15D20A524D500DD5E1B /* Project object */;
			proxyType = 1;
			remoteGlobalIDString = 15FAC16420A524D600DD5E1B;
			remoteInfo = CutImageForYou;
		};
/* End PBXContainerItemProxy section */

/* Begin PBXFileReference section */
		15962F6820B3A7520050B428 /* StoreKit.framework */ = {isa = PBXFileReference; lastKnownFileType = wrapper.framework; name = StoreKit.framework; path = System/Library/Frameworks/StoreKit.framework; sourceTree = SDKROOT; };
		15C3266820A56B190032E3E6 /* STImageVIew.h */ = {isa = PBXFileReference; lastKnownFileType = sourcecode.c.h; path = STImageVIew.h; sourceTree = "<group>"; };
		15C3266920A56B190032E3E6 /* STImageVIew.m */ = {isa = PBXFileReference; lastKnownFileType = sourcecode.c.objc; path = STImageVIew.m; sourceTree = "<group>"; };
		15C3266A20A56B190032E3E6 /* STPhotoBroswer.h */ = {isa = PBXFileReference; lastKnownFileType = sourcecode.c.h; path = STPhotoBroswer.h; sourceTree = "<group>"; };
		15C3266B20A56B190032E3E6 /* STPhotoBroswer.m */ = {isa = PBXFileReference; lastKnownFileType = sourcecode.c.objc; path = STPhotoBroswer.m; sourceTree = "<group>"; };
		15C3266D20A56B190032E3E6 /* UIView+Extension.h */ = {isa = PBXFileReference; lastKnownFileType = sourcecode.c.h; path = "UIView+Extension.h"; sourceTree = "<group>"; };
		15C3266E20A56B190032E3E6 /* UIView+Extension.m */ = {isa = PBXFileReference; lastKnownFileType = sourcecode.c.objc; path = "UIView+Extension.m"; sourceTree = "<group>"; };
		15FAC16520A524D600DD5E1B /* CutImageForYou.app */ = {isa = PBXFileReference; explicitFileType = wrapper.application; includeInIndex = 0; path = CutImageForYou.app; sourceTree = BUILT_PRODUCTS_DIR; };
		15FAC16820A524D600DD5E1B /* AppDelegate.h */ = {isa = PBXFileReference; lastKnownFileType = sourcecode.c.h; path = AppDelegate.h; sourceTree = "<group>"; };
		15FAC16920A524D600DD5E1B /* AppDelegate.m */ = {isa = PBXFileReference; lastKnownFileType = sourcecode.c.objc; path = AppDelegate.m; sourceTree = "<group>"; };
		15FAC16B20A524D600DD5E1B /* ViewController.h */ = {isa = PBXFileReference; lastKnownFileType = sourcecode.c.h; path = ViewController.h; sourceTree = "<group>"; };
		15FAC16C20A524D700DD5E1B /* ViewController.m */ = {isa = PBXFileReference; lastKnownFileType = sourcecode.c.objc; path = ViewController.m; sourceTree = "<group>"; };
		15FAC16F20A524D700DD5E1B /* Base */ = {isa = PBXFileReference; lastKnownFileType = file.storyboard; name = Base; path = Base.lproj/Main.storyboard; sourceTree = "<group>"; };
		15FAC17420A524D700DD5E1B /* Base */ = {isa = PBXFileReference; lastKnownFileType = file.storyboard; name = Base; path = Base.lproj/LaunchScreen.storyboard; sourceTree = "<group>"; };
		15FAC17620A524D800DD5E1B /* Info.plist */ = {isa = PBXFileReference; lastKnownFileType = text.plist.xml; path = Info.plist; sourceTree = "<group>"; };
		15FAC17720A524D800DD5E1B /* main.m */ = {isa = PBXFileReference; lastKnownFileType = sourcecode.c.objc; path = main.m; sourceTree = "<group>"; };
		15FAC17D20A524D800DD5E1B /* CutImageForYouTests.xctest */ = {isa = PBXFileReference; explicitFileType = wrapper.cfbundle; includeInIndex = 0; path = CutImageForYouTests.xctest; sourceTree = BUILT_PRODUCTS_DIR; };
		15FAC18120A524D800DD5E1B /* CutImageForYouTests.m */ = {isa = PBXFileReference; lastKnownFileType = sourcecode.c.objc; path = CutImageForYouTests.m; sourceTree = "<group>"; };
		15FAC18320A524D800DD5E1B /* Info.plist */ = {isa = PBXFileReference; lastKnownFileType = text.plist.xml; path = Info.plist; sourceTree = "<group>"; };
		15FAC18820A524D800DD5E1B /* CutImageForYouUITests.xctest */ = {isa = PBXFileReference; explicitFileType = wrapper.cfbundle; includeInIndex = 0; path = CutImageForYouUITests.xctest; sourceTree = BUILT_PRODUCTS_DIR; };
		15FAC18C20A524D800DD5E1B /* CutImageForYouUITests.m */ = {isa = PBXFileReference; lastKnownFileType = sourcecode.c.objc; path = CutImageForYouUITests.m; sourceTree = "<group>"; };
		15FAC18E20A524D800DD5E1B /* Info.plist */ = {isa = PBXFileReference; lastKnownFileType = text.plist.xml; path = Info.plist; sourceTree = "<group>"; };
		15FAC19B20A5271500DD5E1B /* PrefixHeader.pch */ = {isa = PBXFileReference; fileEncoding = 4; lastKnownFileType = sourcecode.c.h; path = PrefixHeader.pch; sourceTree = "<group>"; };
		15FAC19C20A5271600DD5E1B /* ThirdPathKey.h */ = {isa = PBXFileReference; fileEncoding = 4; lastKnownFileType = sourcecode.c.h; path = ThirdPathKey.h; sourceTree = "<group>"; };
		15FAC19D20A5271600DD5E1B /* HeaderDefines.h */ = {isa = PBXFileReference; fileEncoding = 4; lastKnownFileType = sourcecode.c.h; path = HeaderDefines.h; sourceTree = "<group>"; };
		F758C81020A6F5260083B2B7 /* Assets.xcassets */ = {isa = PBXFileReference; lastKnownFileType = folder.assetcatalog; name = Assets.xcassets; path = CutImageForYou/Assets.xcassets; sourceTree = SOURCE_ROOT; };
		F76B57822100D54A000DA33F /* XinViewController.h */ = {isa = PBXFileReference; lastKnownFileType = sourcecode.c.h; path = XinViewController.h; sourceTree = "<group>"; };
		F76B57832100D54A000DA33F /* XinViewController.m */ = {isa = PBXFileReference; lastKnownFileType = sourcecode.c.objc; path = XinViewController.m; sourceTree = "<group>"; };
		F76B57852100D6C5000DA33F /* 返回箭头2.png */ = {isa = PBXFileReference; lastKnownFileType = image.png; path = "返回箭头2.png"; sourceTree = "<group>"; };
		F76B57872100DBEA000DA33F /* XinImage0ViewController.h */ = {isa = PBXFileReference; lastKnownFileType = sourcecode.c.h; path = XinImage0ViewController.h; sourceTree = "<group>"; };
		F76B57882100DBEA000DA33F /* XinImage0ViewController.m */ = {isa = PBXFileReference; lastKnownFileType = sourcecode.c.objc; path = XinImage0ViewController.m; sourceTree = "<group>"; };
		F76B578B2100DD09000DA33F /* XinBaseViewController.h */ = {isa = PBXFileReference; lastKnownFileType = sourcecode.c.h; path = XinBaseViewController.h; sourceTree = "<group>"; };
		F76B578C2100DD09000DA33F /* XinBaseViewController.m */ = {isa = PBXFileReference; lastKnownFileType = sourcecode.c.objc; path = XinBaseViewController.m; sourceTree = "<group>"; };
		F76B578E2100DF70000DA33F /* XinImage1ViewController.h */ = {isa = PBXFileReference; lastKnownFileType = sourcecode.c.h; path = XinImage1ViewController.h; sourceTree = "<group>"; };
		F76B578F2100DF70000DA33F /* XinImage1ViewController.m */ = {isa = PBXFileReference; lastKnownFileType = sourcecode.c.objc; path = XinImage1ViewController.m; sourceTree = "<group>"; };
		F76B57912100DF7E000DA33F /* XinImage2ViewController.h */ = {isa = PBXFileReference; lastKnownFileType = sourcecode.c.h; path = XinImage2ViewController.h; sourceTree = "<group>"; };
		F76B57922100DF7E000DA33F /* XinImage2ViewController.m */ = {isa = PBXFileReference; lastKnownFileType = sourcecode.c.objc; path = XinImage2ViewController.m; sourceTree = "<group>"; };
		F76B57942100DF99000DA33F /* XinImage3ViewController.h */ = {isa = PBXFileReference; lastKnownFileType = sourcecode.c.h; path = XinImage3ViewController.h; sourceTree = "<group>"; };
		F76B57952100DF99000DA33F /* XinImage3ViewController.m */ = {isa = PBXFileReference; lastKnownFileType = sourcecode.c.objc; path = XinImage3ViewController.m; sourceTree = "<group>"; };
		F76B57972100DFA6000DA33F /* XinImage4ViewController.h */ = {isa = PBXFileReference; lastKnownFileType = sourcecode.c.h; path = XinImage4ViewController.h; sourceTree = "<group>"; };
		F76B57982100DFA6000DA33F /* XinImage4ViewController.m */ = {isa = PBXFileReference; lastKnownFileType = sourcecode.c.objc; path = XinImage4ViewController.m; sourceTree = "<group>"; };
		F76B579A2100DFB1000DA33F /* XinImage5ViewController.h */ = {isa = PBXFileReference; lastKnownFileType = sourcecode.c.h; path = XinImage5ViewController.h; sourceTree = "<group>"; };
		F76B579B2100DFB1000DA33F /* XinImage5ViewController.m */ = {isa = PBXFileReference; lastKnownFileType = sourcecode.c.objc; path = XinImage5ViewController.m; sourceTree = "<group>"; };
		F76B579D2100DFC4000DA33F /* XinImage6ViewController.h */ = {isa = PBXFileReference; lastKnownFileType = sourcecode.c.h; path = XinImage6ViewController.h; sourceTree = "<group>"; };
		F76B579E2100DFC4000DA33F /* XinImage6ViewController.m */ = {isa = PBXFileReference; lastKnownFileType = sourcecode.c.objc; path = XinImage6ViewController.m; sourceTree = "<group>"; };
		F76B57A02100DFCE000DA33F /* XinImage7ViewController.h */ = {isa = PBXFileReference; lastKnownFileType = sourcecode.c.h; path = XinImage7ViewController.h; sourceTree = "<group>"; };
		F76B57A12100DFCE000DA33F /* XinImage7ViewController.m */ = {isa = PBXFileReference; lastKnownFileType = sourcecode.c.objc; path = XinImage7ViewController.m; sourceTree = "<group>"; };
		F76B57A32100DFD8000DA33F /* XinImage8ViewController.h */ = {isa = PBXFileReference; lastKnownFileType = sourcecode.c.h; path = XinImage8ViewController.h; sourceTree = "<group>"; };
		F76B57A42100DFD8000DA33F /* XinImage8ViewController.m */ = {isa = PBXFileReference; lastKnownFileType = sourcecode.c.objc; path = XinImage8ViewController.m; sourceTree = "<group>"; };
		F795C98620C037AF000E0318 /* BCJiuGongGeImageManager.h */ = {isa = PBXFileReference; lastKnownFileType = sourcecode.c.h; path = BCJiuGongGeImageManager.h; sourceTree = "<group>"; };
		F795C98720C037AF000E0318 /* BCJiuGongGeImageManager.m */ = {isa = PBXFileReference; lastKnownFileType = sourcecode.c.objc; path = BCJiuGongGeImageManager.m; sourceTree = "<group>"; };
		F7EDFE9A2101C05F0007F4A8 /* 分享1@3x.png */ = {isa = PBXFileReference; lastKnownFileType = image.png; path = "分享1@3x.png"; sourceTree = "<group>"; };
		F7EDFE9C2101C1060007F4A8 /* 下载1@3x.png */ = {isa = PBXFileReference; lastKnownFileType = image.png; path = "下载1@3x.png"; sourceTree = "<group>"; };
		F7F152F820A5DF1E00525F05 /* ZJViewShow.h */ = {isa = PBXFileReference; fileEncoding = 4; lastKnownFileType = sourcecode.c.h; path = ZJViewShow.h; sourceTree = "<group>"; };
		F7F152FE20A5DF1E00525F05 /* ZJViewShow.m */ = {isa = PBXFileReference; fileEncoding = 4; lastKnownFileType = sourcecode.c.objc; path = ZJViewShow.m; sourceTree = "<group>"; };
		F7F1530D20A5EB1800525F05 /* AboutViewController.h */ = {isa = PBXFileReference; fileEncoding = 4; lastKnownFileType = sourcecode.c.h; path = AboutViewController.h; sourceTree = "<group>"; };
		F7F1530F20A5EB1800525F05 /* UIImage+ImageEffects.h */ = {isa = PBXFileReference; fileEncoding = 4; lastKnownFileType = sourcecode.c.h; path = "UIImage+ImageEffects.h"; sourceTree = "<group>"; };
		F7F1531020A5EB1800525F05 /* Factory.m */ = {isa = PBXFileReference; fileEncoding = 4; lastKnownFileType = sourcecode.c.objc; path = Factory.m; sourceTree = "<group>"; };
		F7F1531220A5EB1800525F05 /* weibo.jpg */ = {isa = PBXFileReference; lastKnownFileType = image.jpeg; path = weibo.jpg; sourceTree = "<group>"; };
		F7F1531320A5EB1800525F05 /* iconcheng.png */ = {isa = PBXFileReference; lastKnownFileType = image.png; path = iconcheng.png; sourceTree = "<group>"; };
		F7F1531420A5EB1800525F05 /* zhihuIcon.jpg */ = {isa = PBXFileReference; lastKnownFileType = image.jpeg; path = zhihuIcon.jpg; sourceTree = "<group>"; };
		F7F1531520A5EB1800525F05 /* UIImage+ImageEffects.m */ = {isa = PBXFileReference; fileEncoding = 4; lastKnownFileType = sourcecode.c.objc; path = "UIImage+ImageEffects.m"; sourceTree = "<group>"; };
		F7F1531720A5EB1800525F05 /* ico_分享.png */ = {isa = PBXFileReference; lastKnownFileType = image.png; path = "ico_分享.png"; sourceTree = "<group>"; };
		F7F1531820A5EB1800525F05 /* 增值服务2.png */ = {isa = PBXFileReference; lastKnownFileType = image.png; path = "增值服务2.png"; sourceTree = "<group>"; };
		F7F1531920A5EB1800525F05 /* QQ20180311-3.jpg */ = {isa = PBXFileReference; lastKnownFileType = image.jpeg; path = "QQ20180311-3.jpg"; sourceTree = "<group>"; };
		F7F1531A20A5EB1800525F05 /* 关闭2.png */ = {isa = PBXFileReference; lastKnownFileType = image.png; path = "关闭2.png"; sourceTree = "<group>"; };
		F7F1531B20A5EB1800525F05 /* ico_分享1@3x.png */ = {isa = PBXFileReference; lastKnownFileType = image.png; path = "ico_分享1@3x.png"; sourceTree = "<group>"; };
		F7F1531C20A5EB1800525F05 /* 关闭3.png */ = {isa = PBXFileReference; lastKnownFileType = image.png; path = "关闭3.png"; sourceTree = "<group>"; };
		F7F1531D20A5EB1800525F05 /* QQ20180311-1.jpg */ = {isa = PBXFileReference; lastKnownFileType = image.jpeg; path = "QQ20180311-1.jpg"; sourceTree = "<group>"; };
		F7F1531E20A5EB1800525F05 /* 反馈问题@3x.png */ = {isa = PBXFileReference; lastKnownFileType = image.png; path = "反馈问题@3x.png"; sourceTree = "<group>"; };
		F7F1531F20A5EB1800525F05 /* 星级1@3x.png */ = {isa = PBXFileReference; lastKnownFileType = image.png; path = "星级1@3x.png"; sourceTree = "<group>"; };
		F7F1532020A5EB1800525F05 /* iconshoudiantong.png */ = {isa = PBXFileReference; lastKnownFileType = image.png; path = iconshoudiantong.png; sourceTree = "<group>"; };
		F7F1532120A5EB1800525F05 /* 增值服务1@3x.png */ = {isa = PBXFileReference; lastKnownFileType = image.png; path = "增值服务1@3x.png"; sourceTree = "<group>"; };
		F7F1532220A5EB1800525F05 /* IMG_0122.JPG */ = {isa = PBXFileReference; lastKnownFileType = image.jpeg; path = IMG_0122.JPG; sourceTree = "<group>"; };
		F7F1532320A5EB1800525F05 /* 沙漏@3x.png */ = {isa = PBXFileReference; lastKnownFileType = image.png; path = "沙漏@3x.png"; sourceTree = "<group>"; };
		F7F1532420A5EB1800525F05 /* 增值服务@3x.png */ = {isa = PBXFileReference; lastKnownFileType = image.png; path = "增值服务@3x.png"; sourceTree = "<group>"; };
		F7F1532520A5EB1800525F05 /* 返回1.png */ = {isa = PBXFileReference; lastKnownFileType = image.png; path = "返回1.png"; sourceTree = "<group>"; };
		F7F1532620A5EB1800525F05 /* 星级2@3x.png */ = {isa = PBXFileReference; lastKnownFileType = image.png; path = "星级2@3x.png"; sourceTree = "<group>"; };
		F7F1532720A5EB1800525F05 /* 星级.png */ = {isa = PBXFileReference; lastKnownFileType = image.png; path = "星级.png"; sourceTree = "<group>"; };
		F7F1532820A5EB1800525F05 /* Factory.h */ = {isa = PBXFileReference; fileEncoding = 4; lastKnownFileType = sourcecode.c.h; path = Factory.h; sourceTree = "<group>"; };
		F7F1532920A5EB1800525F05 /* AboutViewController.m */ = {isa = PBXFileReference; fileEncoding = 4; lastKnownFileType = sourcecode.c.objc; path = AboutViewController.m; sourceTree = "<group>"; };
		F7F1532A20A5EB1800525F05 /* SettingViewController.h */ = {isa = PBXFileReference; fileEncoding = 4; lastKnownFileType = sourcecode.c.h; path = SettingViewController.h; sourceTree = "<group>"; };
		F7F1532B20A5EB1800525F05 /* SettingViewController.m */ = {isa = PBXFileReference; fileEncoding = 4; lastKnownFileType = sourcecode.c.objc; path = SettingViewController.m; sourceTree = "<group>"; };
		F7F1534420A5EB5200525F05 /* MainContentCell.xib */ = {isa = PBXFileReference; fileEncoding = 4; lastKnownFileType = file.xib; name = MainContentCell.xib; path = CutImageForYou/Support/MainContentCell.xib; sourceTree = SOURCE_ROOT; };
		F7F1534520A5EB5200525F05 /* MainContentCell.m */ = {isa = PBXFileReference; fileEncoding = 4; lastKnownFileType = sourcecode.c.objc; name = MainContentCell.m; path = CutImageForYou/Support/MainContentCell.m; sourceTree = SOURCE_ROOT; };
		F7F1534620A5EB5200525F05 /* MainContentCell.h */ = {isa = PBXFileReference; fileEncoding = 4; lastKnownFileType = sourcecode.c.h; name = MainContentCell.h; path = CutImageForYou/Support/MainContentCell.h; sourceTree = SOURCE_ROOT; };
		F7F1534D20A5F21500525F05 /* BmobSDK.framework */ = {isa = PBXFileReference; lastKnownFileType = wrapper.framework; path = BmobSDK.framework; sourceTree = "<group>"; };
		F7F1535020A5F23A00525F05 /* Social.framework */ = {isa = PBXFileReference; lastKnownFileType = wrapper.framework; name = Social.framework; path = System/Library/Frameworks/Social.framework; sourceTree = SDKROOT; };
		F7F1535220A5F24C00525F05 /* Security.framework */ = {isa = PBXFileReference; lastKnownFileType = wrapper.framework; name = Security.framework; path = System/Library/Frameworks/Security.framework; sourceTree = SDKROOT; };
		F7F1535420A5F25D00525F05 /* libsqlite3.tbd */ = {isa = PBXFileReference; lastKnownFileType = "sourcecode.text-based-dylib-definition"; name = libsqlite3.tbd; path = usr/lib/libsqlite3.tbd; sourceTree = SDKROOT; };
		F7F1535620A5F26A00525F05 /* libz.tbd */ = {isa = PBXFileReference; lastKnownFileType = "sourcecode.text-based-dylib-definition"; name = libz.tbd; path = usr/lib/libz.tbd; sourceTree = SDKROOT; };
		F7F1535820A5F27800525F05 /* libc++.tbd */ = {isa = PBXFileReference; lastKnownFileType = "sourcecode.text-based-dylib-definition"; name = "libc++.tbd"; path = "usr/lib/libc++.tbd"; sourceTree = SDKROOT; };
		F7F1535A20A5F28200525F05 /* AudioToolbox.framework */ = {isa = PBXFileReference; lastKnownFileType = wrapper.framework; name = AudioToolbox.framework; path = System/Library/Frameworks/AudioToolbox.framework; sourceTree = SDKROOT; };
		F7F1535C20A5F28A00525F05 /* CoreLocation.framework */ = {isa = PBXFileReference; lastKnownFileType = wrapper.framework; name = CoreLocation.framework; path = System/Library/Frameworks/CoreLocation.framework; sourceTree = SDKROOT; };
		F7F1535E20A5F29700525F05 /* CoreGraphics.framework */ = {isa = PBXFileReference; lastKnownFileType = wrapper.framework; name = CoreGraphics.framework; path = System/Library/Frameworks/CoreGraphics.framework; sourceTree = SDKROOT; };
		F7F1536020A5F2A000525F05 /* MobileCoreServices.framework */ = {isa = PBXFileReference; lastKnownFileType = wrapper.framework; name = MobileCoreServices.framework; path = System/Library/Frameworks/MobileCoreServices.framework; sourceTree = SDKROOT; };
		F7F1536220A5F2AA00525F05 /* CFNetwork.framework */ = {isa = PBXFileReference; lastKnownFileType = wrapper.framework; name = CFNetwork.framework; path = System/Library/Frameworks/CFNetwork.framework; sourceTree = SDKROOT; };
		F7F1536420A5F2B200525F05 /* CoreTelephony.framework */ = {isa = PBXFileReference; lastKnownFileType = wrapper.framework; name = CoreTelephony.framework; path = System/Library/Frameworks/CoreTelephony.framework; sourceTree = SDKROOT; };
		F7F1536620A5F2BA00525F05 /* SystemConfiguration.framework */ = {isa = PBXFileReference; lastKnownFileType = wrapper.framework; name = SystemConfiguration.framework; path = System/Library/Frameworks/SystemConfiguration.framework; sourceTree = SDKROOT; };
		F7F1536820A5F2C200525F05 /* libz.1.2.5.tbd */ = {isa = PBXFileReference; lastKnownFileType = "sourcecode.text-based-dylib-definition"; name = libz.1.2.5.tbd; path = usr/lib/libz.1.2.5.tbd; sourceTree = SDKROOT; };
		F7F1536A20A5F2CF00525F05 /* libicucore.tbd */ = {isa = PBXFileReference; lastKnownFileType = "sourcecode.text-based-dylib-definition"; name = libicucore.tbd; path = usr/lib/libicucore.tbd; sourceTree = SDKROOT; };
		F7F1536C20A5F2D800525F05 /* Photos.framework */ = {isa = PBXFileReference; lastKnownFileType = wrapper.framework; name = Photos.framework; path = System/Library/Frameworks/Photos.framework; sourceTree = SDKROOT; };
		F7F1536E20A5FEEC00525F05 /* LaunchViewController.h */ = {isa = PBXFileReference; fileEncoding = 4; lastKnownFileType = sourcecode.c.h; path = LaunchViewController.h; sourceTree = "<group>"; };
		F7F1536F20A5FEED00525F05 /* LaunchViewController.m */ = {isa = PBXFileReference; fileEncoding = 4; lastKnownFileType = sourcecode.c.objc; path = LaunchViewController.m; sourceTree = "<group>"; };
/* End PBXFileReference section */

/* Begin PBXFrameworksBuildPhase section */
		15FAC16220A524D600DD5E1B /* Frameworks */ = {
			isa = PBXFrameworksBuildPhase;
			buildActionMask = 2147483647;
			files = (
				15962F6920B3A7520050B428 /* StoreKit.framework in Frameworks */,
				F7F1536D20A5F2D800525F05 /* Photos.framework in Frameworks */,
				F7F1536B20A5F2CF00525F05 /* libicucore.tbd in Frameworks */,
				F7F1536920A5F2C200525F05 /* libz.1.2.5.tbd in Frameworks */,
				F7F1536720A5F2BA00525F05 /* SystemConfiguration.framework in Frameworks */,
				F7F1536520A5F2B200525F05 /* CoreTelephony.framework in Frameworks */,
				F7F1536320A5F2AA00525F05 /* CFNetwork.framework in Frameworks */,
				F7F1536120A5F2A000525F05 /* MobileCoreServices.framework in Frameworks */,
				F7F1535F20A5F29700525F05 /* CoreGraphics.framework in Frameworks */,
				F7F1535D20A5F28A00525F05 /* CoreLocation.framework in Frameworks */,
				F7F1535B20A5F28200525F05 /* AudioToolbox.framework in Frameworks */,
				F7F1535920A5F27800525F05 /* libc++.tbd in Frameworks */,
				F7F1535720A5F26A00525F05 /* libz.tbd in Frameworks */,
				F7F1535520A5F25D00525F05 /* libsqlite3.tbd in Frameworks */,
				F7F1535320A5F24C00525F05 /* Security.framework in Frameworks */,
				F7F1535120A5F23A00525F05 /* Social.framework in Frameworks */,
				F7F1534E20A5F21500525F05 /* BmobSDK.framework in Frameworks */,
			);
			runOnlyForDeploymentPostprocessing = 0;
		};
		15FAC17A20A524D800DD5E1B /* Frameworks */ = {
			isa = PBXFrameworksBuildPhase;
			buildActionMask = 2147483647;
			files = (
			);
			runOnlyForDeploymentPostprocessing = 0;
		};
		15FAC18520A524D800DD5E1B /* Frameworks */ = {
			isa = PBXFrameworksBuildPhase;
			buildActionMask = 2147483647;
			files = (
			);
			runOnlyForDeploymentPostprocessing = 0;
		};
/* End PBXFrameworksBuildPhase section */

/* Begin PBXGroup section */
		15C3266720A56B190032E3E6 /* ImageShowTool */ = {
			isa = PBXGroup;
			children = (
				15C3266820A56B190032E3E6 /* STImageVIew.h */,
				15C3266920A56B190032E3E6 /* STImageVIew.m */,
				15C3266A20A56B190032E3E6 /* STPhotoBroswer.h */,
				15C3266B20A56B190032E3E6 /* STPhotoBroswer.m */,
				15C3266C20A56B190032E3E6 /* UIView+extention */,
			);
			path = ImageShowTool;
			sourceTree = "<group>";
		};
		15C3266C20A56B190032E3E6 /* UIView+extention */ = {
			isa = PBXGroup;
			children = (
				15C3266D20A56B190032E3E6 /* UIView+Extension.h */,
				15C3266E20A56B190032E3E6 /* UIView+Extension.m */,
			);
			path = "UIView+extention";
			sourceTree = "<group>";
		};
		15FAC15C20A524D500DD5E1B = {
			isa = PBXGroup;
			children = (
				15FAC16720A524D600DD5E1B /* CutImageForYou */,
				15FAC18020A524D800DD5E1B /* CutImageForYouTests */,
				15FAC18B20A524D800DD5E1B /* CutImageForYouUITests */,
				15FAC16620A524D600DD5E1B /* Products */,
				F7F1534F20A5F23A00525F05 /* Frameworks */,
			);
			sourceTree = "<group>";
		};
		15FAC16620A524D600DD5E1B /* Products */ = {
			isa = PBXGroup;
			children = (
				15FAC16520A524D600DD5E1B /* CutImageForYou.app */,
				15FAC17D20A524D800DD5E1B /* CutImageForYouTests.xctest */,
				15FAC18820A524D800DD5E1B /* CutImageForYouUITests.xctest */,
			);
			name = Products;
			sourceTree = "<group>";
		};
		15FAC16720A524D600DD5E1B /* CutImageForYou */ = {
			isa = PBXGroup;
			children = (
				F795C98320C03758000E0318 /* AppDelegate */,
				F795C98220C03745000E0318 /* JiuGongGe */,
				15FAC19A20A526F500DD5E1B /* Support */,
				15FAC16E20A524D700DD5E1B /* Main.storyboard */,
				15FAC17320A524D700DD5E1B /* LaunchScreen.storyboard */,
				15FAC17620A524D800DD5E1B /* Info.plist */,
				15FAC17720A524D800DD5E1B /* main.m */,
			);
			path = CutImageForYou;
			sourceTree = "<group>";
		};
		15FAC18020A524D800DD5E1B /* CutImageForYouTests */ = {
			isa = PBXGroup;
			children = (
				F758C81020A6F5260083B2B7 /* Assets.xcassets */,
				15FAC18120A524D800DD5E1B /* CutImageForYouTests.m */,
				15FAC18320A524D800DD5E1B /* Info.plist */,
			);
			path = CutImageForYouTests;
			sourceTree = "<group>";
		};
		15FAC18B20A524D800DD5E1B /* CutImageForYouUITests */ = {
			isa = PBXGroup;
			children = (
				15FAC18C20A524D800DD5E1B /* CutImageForYouUITests.m */,
				15FAC18E20A524D800DD5E1B /* Info.plist */,
			);
			path = CutImageForYouUITests;
			sourceTree = "<group>";
		};
		15FAC19A20A526F500DD5E1B /* Support */ = {
			isa = PBXGroup;
			children = (
				F7F1534D20A5F21500525F05 /* BmobSDK.framework */,
				F7F1530E20A5EB1800525F05 /* AboutMeController */,
				F7F152F520A5DF1E00525F05 /* newProgress */,
				15C3266720A56B190032E3E6 /* ImageShowTool */,
				15FAC19D20A5271600DD5E1B /* HeaderDefines.h */,
				15FAC19B20A5271500DD5E1B /* PrefixHeader.pch */,
				15FAC19C20A5271600DD5E1B /* ThirdPathKey.h */,
			);
			path = Support;
			sourceTree = "<group>";
		};
		F76B578A2100DC08000DA33F /* SelectedImageViewCOntroller */ = {
			isa = PBXGroup;
			children = (
				F76B578B2100DD09000DA33F /* XinBaseViewController.h */,
				F76B578C2100DD09000DA33F /* XinBaseViewController.m */,
				F76B57872100DBEA000DA33F /* XinImage0ViewController.h */,
				F76B57882100DBEA000DA33F /* XinImage0ViewController.m */,
				F76B578E2100DF70000DA33F /* XinImage1ViewController.h */,
				F76B578F2100DF70000DA33F /* XinImage1ViewController.m */,
				F76B57912100DF7E000DA33F /* XinImage2ViewController.h */,
				F76B57922100DF7E000DA33F /* XinImage2ViewController.m */,
				F76B57942100DF99000DA33F /* XinImage3ViewController.h */,
				F76B57952100DF99000DA33F /* XinImage3ViewController.m */,
				F76B57972100DFA6000DA33F /* XinImage4ViewController.h */,
				F76B57982100DFA6000DA33F /* XinImage4ViewController.m */,
				F76B579A2100DFB1000DA33F /* XinImage5ViewController.h */,
				F76B579B2100DFB1000DA33F /* XinImage5ViewController.m */,
				F76B579D2100DFC4000DA33F /* XinImage6ViewController.h */,
				F76B579E2100DFC4000DA33F /* XinImage6ViewController.m */,
				F76B57A02100DFCE000DA33F /* XinImage7ViewController.h */,
				F76B57A12100DFCE000DA33F /* XinImage7ViewController.m */,
				F76B57A32100DFD8000DA33F /* XinImage8ViewController.h */,
				F76B57A42100DFD8000DA33F /* XinImage8ViewController.m */,
			);
			path = SelectedImageViewCOntroller;
			sourceTree = "<group>";
		};
		F795C98220C03745000E0318 /* JiuGongGe */ = {
			isa = PBXGroup;
			children = (
				F795C98520C03784000E0318 /* Manager */,
				F795C98420C0376F000E0318 /* Controllers */,
			);
			path = JiuGongGe;
			sourceTree = "<group>";
		};
		F795C98320C03758000E0318 /* AppDelegate */ = {
			isa = PBXGroup;
			children = (
				15FAC16820A524D600DD5E1B /* AppDelegate.h */,
				15FAC16920A524D600DD5E1B /* AppDelegate.m */,
			);
			path = AppDelegate;
			sourceTree = "<group>";
		};
		F795C98420C0376F000E0318 /* Controllers */ = {
			isa = PBXGroup;
			children = (
				F76B578A2100DC08000DA33F /* SelectedImageViewCOntroller */,
				15FAC16B20A524D600DD5E1B /* ViewController.h */,
				15FAC16C20A524D700DD5E1B /* ViewController.m */,
				F76B57822100D54A000DA33F /* XinViewController.h */,
				F76B57832100D54A000DA33F /* XinViewController.m */,
				F7F1536E20A5FEEC00525F05 /* LaunchViewController.h */,
				F7F1536F20A5FEED00525F05 /* LaunchViewController.m */,
			);
			path = Controllers;
			sourceTree = "<group>";
		};
		F795C98520C03784000E0318 /* Manager */ = {
			isa = PBXGroup;
			children = (
				F795C98620C037AF000E0318 /* BCJiuGongGeImageManager.h */,
				F795C98720C037AF000E0318 /* BCJiuGongGeImageManager.m */,
			);
			path = Manager;
			sourceTree = "<group>";
		};
		F7F152F520A5DF1E00525F05 /* newProgress */ = {
			isa = PBXGroup;
			children = (
				F7F152F820A5DF1E00525F05 /* ZJViewShow.h */,
				F7F152FE20A5DF1E00525F05 /* ZJViewShow.m */,
			);
			path = newProgress;
			sourceTree = "<group>";
		};
		F7F1530E20A5EB1800525F05 /* AboutMeController */ = {
			isa = PBXGroup;
			children = (
				F7F1530D20A5EB1800525F05 /* AboutViewController.h */,
				F7F1532920A5EB1800525F05 /* AboutViewController.m */,
				F7F1532A20A5EB1800525F05 /* SettingViewController.h */,
				F7F1532B20A5EB1800525F05 /* SettingViewController.m */,
				F7F1532820A5EB1800525F05 /* Factory.h */,
				F7F1531020A5EB1800525F05 /* Factory.m */,
				F7F1530F20A5EB1800525F05 /* UIImage+ImageEffects.h */,
				F7F1531520A5EB1800525F05 /* UIImage+ImageEffects.m */,
				F7F1534620A5EB5200525F05 /* MainContentCell.h */,
				F7F1534520A5EB5200525F05 /* MainContentCell.m */,
				F7F1534420A5EB5200525F05 /* MainContentCell.xib */,
				F7F1531120A5EB1800525F05 /* OtherAppIcon */,
				F7F1531620A5EB1800525F05 /* ABResource */,
			);
			path = AboutMeController;
			sourceTree = "<group>";
		};
		F7F1531120A5EB1800525F05 /* OtherAppIcon */ = {
			isa = PBXGroup;
			children = (
				F7F1531220A5EB1800525F05 /* weibo.jpg */,
				F7F1531320A5EB1800525F05 /* iconcheng.png */,
				F7F1531420A5EB1800525F05 /* zhihuIcon.jpg */,
			);
			path = OtherAppIcon;
			sourceTree = "<group>";
		};
		F7F1531620A5EB1800525F05 /* ABResource */ = {
			isa = PBXGroup;
			children = (
				F7EDFE9C2101C1060007F4A8 /* 下载1@3x.png */,
				F7EDFE9A2101C05F0007F4A8 /* 分享1@3x.png */,
				F76B57852100D6C5000DA33F /* 返回箭头2.png */,
				F7F1531720A5EB1800525F05 /* ico_分享.png */,
				F7F1531820A5EB1800525F05 /* 增值服务2.png */,
				F7F1531920A5EB1800525F05 /* QQ20180311-3.jpg */,
				F7F1531A20A5EB1800525F05 /* 关闭2.png */,
				F7F1531B20A5EB1800525F05 /* ico_分享1@3x.png */,
				F7F1531C20A5EB1800525F05 /* 关闭3.png */,
				F7F1531D20A5EB1800525F05 /* QQ20180311-1.jpg */,
				F7F1531E20A5EB1800525F05 /* 反馈问题@3x.png */,
				F7F1531F20A5EB1800525F05 /* 星级1@3x.png */,
				F7F1532020A5EB1800525F05 /* iconshoudiantong.png */,
				F7F1532120A5EB1800525F05 /* 增值服务1@3x.png */,
				F7F1532220A5EB1800525F05 /* IMG_0122.JPG */,
				F7F1532320A5EB1800525F05 /* 沙漏@3x.png */,
				F7F1532420A5EB1800525F05 /* 增值服务@3x.png */,
				F7F1532520A5EB1800525F05 /* 返回1.png */,
				F7F1532620A5EB1800525F05 /* 星级2@3x.png */,
				F7F1532720A5EB1800525F05 /* 星级.png */,
			);
			path = ABResource;
			sourceTree = "<group>";
		};
		F7F1534F20A5F23A00525F05 /* Frameworks */ = {
			isa = PBXGroup;
			children = (
				15962F6820B3A7520050B428 /* StoreKit.framework */,
				F7F1536C20A5F2D800525F05 /* Photos.framework */,
				F7F1536A20A5F2CF00525F05 /* libicucore.tbd */,
				F7F1536820A5F2C200525F05 /* libz.1.2.5.tbd */,
				F7F1536620A5F2BA00525F05 /* SystemConfiguration.framework */,
				F7F1536420A5F2B200525F05 /* CoreTelephony.framework */,
				F7F1536220A5F2AA00525F05 /* CFNetwork.framework */,
				F7F1536020A5F2A000525F05 /* MobileCoreServices.framework */,
				F7F1535E20A5F29700525F05 /* CoreGraphics.framework */,
				F7F1535C20A5F28A00525F05 /* CoreLocation.framework */,
				F7F1535A20A5F28200525F05 /* AudioToolbox.framework */,
				F7F1535820A5F27800525F05 /* libc++.tbd */,
				F7F1535620A5F26A00525F05 /* libz.tbd */,
				F7F1535420A5F25D00525F05 /* libsqlite3.tbd */,
				F7F1535220A5F24C00525F05 /* Security.framework */,
				F7F1535020A5F23A00525F05 /* Social.framework */,
			);
			name = Frameworks;
			sourceTree = "<group>";
		};
/* End PBXGroup section */

/* Begin PBXNativeTarget section */
		15FAC16420A524D600DD5E1B /* CutImageForYou */ = {
			isa = PBXNativeTarget;
			buildConfigurationList = 15FAC19120A524D800DD5E1B /* Build configuration list for PBXNativeTarget "CutImageForYou" */;
			buildPhases = (
				15FAC16120A524D600DD5E1B /* Sources */,
				15FAC16220A524D600DD5E1B /* Frameworks */,
				15FAC16320A524D600DD5E1B /* Resources */,
			);
			buildRules = (
			);
			dependencies = (
			);
			name = CutImageForYou;
			productName = CutImageForYou;
			productReference = 15FAC16520A524D600DD5E1B /* CutImageForYou.app */;
			productType = "com.apple.product-type.application";
		};
		15FAC17C20A524D800DD5E1B /* CutImageForYouTests */ = {
			isa = PBXNativeTarget;
			buildConfigurationList = 15FAC19420A524D800DD5E1B /* Build configuration list for PBXNativeTarget "CutImageForYouTests" */;
			buildPhases = (
				15FAC17920A524D800DD5E1B /* Sources */,
				15FAC17A20A524D800DD5E1B /* Frameworks */,
				15FAC17B20A524D800DD5E1B /* Resources */,
			);
			buildRules = (
			);
			dependencies = (
				15FAC17F20A524D800DD5E1B /* PBXTargetDependency */,
			);
			name = CutImageForYouTests;
			productName = CutImageForYouTests;
			productReference = 15FAC17D20A524D800DD5E1B /* CutImageForYouTests.xctest */;
			productType = "com.apple.product-type.bundle.unit-test";
		};
		15FAC18720A524D800DD5E1B /* CutImageForYouUITests */ = {
			isa = PBXNativeTarget;
			buildConfigurationList = 15FAC19720A524D800DD5E1B /* Build configuration list for PBXNativeTarget "CutImageForYouUITests" */;
			buildPhases = (
				15FAC18420A524D800DD5E1B /* Sources */,
				15FAC18520A524D800DD5E1B /* Frameworks */,
				15FAC18620A524D800DD5E1B /* Resources */,
			);
			buildRules = (
			);
			dependencies = (
				15FAC18A20A524D800DD5E1B /* PBXTargetDependency */,
			);
			name = CutImageForYouUITests;
			productName = CutImageForYouUITests;
			productReference = 15FAC18820A524D800DD5E1B /* CutImageForYouUITests.xctest */;
			productType = "com.apple.product-type.bundle.ui-testing";
		};
/* End PBXNativeTarget section */

/* Begin PBXProject section */
		15FAC15D20A524D500DD5E1B /* Project object */ = {
			isa = PBXProject;
			attributes = {
				LastUpgradeCheck = 0900;
				ORGANIZATIONNAME = chenxi;
				TargetAttributes = {
					15FAC16420A524D600DD5E1B = {
						CreatedOnToolsVersion = 9.0;
						ProvisioningStyle = Automatic;
					};
					15FAC17C20A524D800DD5E1B = {
						CreatedOnToolsVersion = 9.0;
						ProvisioningStyle = Automatic;
						TestTargetID = 15FAC16420A524D600DD5E1B;
					};
					15FAC18720A524D800DD5E1B = {
						CreatedOnToolsVersion = 9.0;
						ProvisioningStyle = Automatic;
						TestTargetID = 15FAC16420A524D600DD5E1B;
					};
				};
			};
			buildConfigurationList = 15FAC16020A524D500DD5E1B /* Build configuration list for PBXProject "CutImageForYou" */;
			compatibilityVersion = "Xcode 8.0";
			developmentRegion = en;
			hasScannedForEncodings = 0;
			knownRegions = (
				en,
				Base,
			);
			mainGroup = 15FAC15C20A524D500DD5E1B;
			productRefGroup = 15FAC16620A524D600DD5E1B /* Products */;
			projectDirPath = "";
			projectRoot = "";
			targets = (
				15FAC16420A524D600DD5E1B /* CutImageForYou */,
				15FAC17C20A524D800DD5E1B /* CutImageForYouTests */,
				15FAC18720A524D800DD5E1B /* CutImageForYouUITests */,
			);
		};
/* End PBXProject section */

/* Begin PBXResourcesBuildPhase section */
		15FAC16320A524D600DD5E1B /* Resources */ = {
			isa = PBXResourcesBuildPhase;
			buildActionMask = 2147483647;
			files = (
				F7F1533320A5EB1900525F05 /* QQ20180311-3.jpg in Resources */,
				F7F1534120A5EB1900525F05 /* 星级.png in Resources */,
				F7F1533B20A5EB1900525F05 /* 增值服务1@3x.png in Resources */,
				F7F1533E20A5EB1900525F05 /* 增值服务@3x.png in Resources */,
				F76B57862100D6C5000DA33F /* 返回箭头2.png in Resources */,
				F7EDFE9D2101C1060007F4A8 /* 下载1@3x.png in Resources */,
				F7F1533A20A5EB1900525F05 /* iconshoudiantong.png in Resources */,
				F7F1533D20A5EB1900525F05 /* 沙漏@3x.png in Resources */,
				F7F1534720A5EB5200525F05 /* MainContentCell.xib in Resources */,
				F7F1533F20A5EB1900525F05 /* 返回1.png in Resources */,
				F7F1533420A5EB1900525F05 /* 关闭2.png in Resources */,
				F7F1533720A5EB1900525F05 /* QQ20180311-1.jpg in Resources */,
				F79A83A920A6F5FC008EC8E1 /* Assets.xcassets in Resources */,
				F7F1533520A5EB1900525F05 /* ico_分享1@3x.png in Resources */,
				F7F1532F20A5EB1900525F05 /* zhihuIcon.jpg in Resources */,
				15FAC17520A524D700DD5E1B /* LaunchScreen.storyboard in Resources */,
				F7F1533220A5EB1900525F05 /* 增值服务2.png in Resources */,
				F7F1532D20A5EB1900525F05 /* weibo.jpg in Resources */,
				F7F1532E20A5EB1900525F05 /* iconcheng.png in Resources */,
				F7F1533920A5EB1900525F05 /* 星级1@3x.png in Resources */,
				F7F1533620A5EB1900525F05 /* 关闭3.png in Resources */,
				F7F1533120A5EB1900525F05 /* ico_分享.png in Resources */,
				F7F1533C20A5EB1900525F05 /* IMG_0122.JPG in Resources */,
				F7F1534020A5EB1900525F05 /* 星级2@3x.png in Resources */,
				15FAC17020A524D700DD5E1B /* Main.storyboard in Resources */,
				F7EDFE9B2101C05F0007F4A8 /* 分享1@3x.png in Resources */,
				F7F1533820A5EB1900525F05 /* 反馈问题@3x.png in Resources */,
			);
			runOnlyForDeploymentPostprocessing = 0;
		};
		15FAC17B20A524D800DD5E1B /* Resources */ = {
			isa = PBXResourcesBuildPhase;
			buildActionMask = 2147483647;
			files = (
				F758C81120A6F5260083B2B7 /* Assets.xcassets in Resources */,
			);
			runOnlyForDeploymentPostprocessing = 0;
		};
		15FAC18620A524D800DD5E1B /* Resources */ = {
			isa = PBXResourcesBuildPhase;
			buildActionMask = 2147483647;
			files = (
			);
			runOnlyForDeploymentPostprocessing = 0;
		};
/* End PBXResourcesBuildPhase section */

/* Begin PBXSourcesBuildPhase section */
		15FAC16120A524D600DD5E1B /* Sources */ = {
			isa = PBXSourcesBuildPhase;
			buildActionMask = 2147483647;
			files = (
				F795C98820C037AF000E0318 /* BCJiuGongGeImageManager.m in Sources */,
				F76B57932100DF7E000DA33F /* XinImage2ViewController.m in Sources */,
				F7F1532C20A5EB1900525F05 /* Factory.m in Sources */,
				F76B579F2100DFC4000DA33F /* XinImage6ViewController.m in Sources */,
				F76B579C2100DFB1000DA33F /* XinImage5ViewController.m in Sources */,
				F76B57A52100DFD8000DA33F /* XinImage8ViewController.m in Sources */,
				15FAC16D20A524D700DD5E1B /* ViewController.m in Sources */,
				15FAC17820A524D800DD5E1B /* main.m in Sources */,
				F7F1530620A5DF1E00525F05 /* ZJViewShow.m in Sources */,
				15FAC16A20A524D600DD5E1B /* AppDelegate.m in Sources */,
				F7F1534820A5EB5200525F05 /* MainContentCell.m in Sources */,
				15C3267220A56C730032E3E6 /* STPhotoBroswer.m in Sources */,
				F76B57992100DFA6000DA33F /* XinImage4ViewController.m in Sources */,
				F76B57A22100DFCE000DA33F /* XinImage7ViewController.m in Sources */,
				F76B57962100DF99000DA33F /* XinImage3ViewController.m in Sources */,
				F7F1534220A5EB1900525F05 /* AboutViewController.m in Sources */,
				F7F1533020A5EB1900525F05 /* UIImage+ImageEffects.m in Sources */,
				F76B57842100D54A000DA33F /* XinViewController.m in Sources */,
				F76B578D2100DD09000DA33F /* XinBaseViewController.m in Sources */,
				15C3266F20A56B330032E3E6 /* STImageVIew.m in Sources */,
				F7F1534320A5EB1900525F05 /* SettingViewController.m in Sources */,
				F7F1537020A5FEED00525F05 /* LaunchViewController.m in Sources */,
				F76B57902100DF70000DA33F /* XinImage1ViewController.m in Sources */,
				F76B57892100DBEA000DA33F /* XinImage0ViewController.m in Sources */,
			);
			runOnlyForDeploymentPostprocessing = 0;
		};
		15FAC17920A524D800DD5E1B /* Sources */ = {
			isa = PBXSourcesBuildPhase;
			buildActionMask = 2147483647;
			files = (
				15C3267120A56B390032E3E6 /* UIView+Extension.m in Sources */,
				15FAC18220A524D800DD5E1B /* CutImageForYouTests.m in Sources */,
			);
			runOnlyForDeploymentPostprocessing = 0;
		};
		15FAC18420A524D800DD5E1B /* Sources */ = {
			isa = PBXSourcesBuildPhase;
			buildActionMask = 2147483647;
			files = (
				15FAC18D20A524D800DD5E1B /* CutImageForYouUITests.m in Sources */,
			);
			runOnlyForDeploymentPostprocessing = 0;
		};
/* End PBXSourcesBuildPhase section */

/* Begin PBXTargetDependency section */
		15FAC17F20A524D800DD5E1B /* PBXTargetDependency */ = {
			isa = PBXTargetDependency;
			target = 15FAC16420A524D600DD5E1B /* CutImageForYou */;
			targetProxy = 15FAC17E20A524D800DD5E1B /* PBXContainerItemProxy */;
		};
		15FAC18A20A524D800DD5E1B /* PBXTargetDependency */ = {
			isa = PBXTargetDependency;
			target = 15FAC16420A524D600DD5E1B /* CutImageForYou */;
			targetProxy = 15FAC18920A524D800DD5E1B /* PBXContainerItemProxy */;
		};
/* End PBXTargetDependency section */

/* Begin PBXVariantGroup section */
		15FAC16E20A524D700DD5E1B /* Main.storyboard */ = {
			isa = PBXVariantGroup;
			children = (
				15FAC16F20A524D700DD5E1B /* Base */,
			);
			name = Main.storyboard;
			sourceTree = "<group>";
		};
		15FAC17320A524D700DD5E1B /* LaunchScreen.storyboard */ = {
			isa = PBXVariantGroup;
			children = (
				15FAC17420A524D700DD5E1B /* Base */,
			);
			name = LaunchScreen.storyboard;
			sourceTree = "<group>";
		};
/* End PBXVariantGroup section */

/* Begin XCBuildConfiguration section */
		15FAC18F20A524D800DD5E1B /* Debug */ = {
			isa = XCBuildConfiguration;
			buildSettings = {
				ALWAYS_SEARCH_USER_PATHS = NO;
				CLANG_ANALYZER_NONNULL = YES;
				CLANG_ANALYZER_NUMBER_OBJECT_CONVERSION = YES_AGGRESSIVE;
				CLANG_CXX_LANGUAGE_STANDARD = "gnu++14";
				CLANG_CXX_LIBRARY = "libc++";
				CLANG_ENABLE_MODULES = YES;
				CLANG_ENABLE_OBJC_ARC = YES;
				CLANG_WARN_BLOCK_CAPTURE_AUTORELEASING = YES;
				CLANG_WARN_BOOL_CONVERSION = YES;
				CLANG_WARN_COMMA = YES;
				CLANG_WARN_CONSTANT_CONVERSION = YES;
				CLANG_WARN_DIRECT_OBJC_ISA_USAGE = YES_ERROR;
				CLANG_WARN_DOCUMENTATION_COMMENTS = YES;
				CLANG_WARN_EMPTY_BODY = YES;
				CLANG_WARN_ENUM_CONVERSION = YES;
				CLANG_WARN_INFINITE_RECURSION = YES;
				CLANG_WARN_INT_CONVERSION = YES;
				CLANG_WARN_NON_LITERAL_NULL_CONVERSION = YES;
				CLANG_WARN_OBJC_LITERAL_CONVERSION = YES;
				CLANG_WARN_OBJC_ROOT_CLASS = YES_ERROR;
				CLANG_WARN_RANGE_LOOP_ANALYSIS = YES;
				CLANG_WARN_STRICT_PROTOTYPES = YES;
				CLANG_WARN_SUSPICIOUS_MOVE = YES;
				CLANG_WARN_UNGUARDED_AVAILABILITY = YES_AGGRESSIVE;
				CLANG_WARN_UNREACHABLE_CODE = YES;
				CLANG_WARN__DUPLICATE_METHOD_MATCH = YES;
				CODE_SIGN_IDENTITY = "iPhone Developer";
				COPY_PHASE_STRIP = NO;
				DEBUG_INFORMATION_FORMAT = dwarf;
				ENABLE_STRICT_OBJC_MSGSEND = YES;
				ENABLE_TESTABILITY = YES;
				GCC_C_LANGUAGE_STANDARD = gnu11;
				GCC_DYNAMIC_NO_PIC = NO;
				GCC_NO_COMMON_BLOCKS = YES;
				GCC_OPTIMIZATION_LEVEL = 0;
				GCC_PREFIX_HEADER = /Users/chenxi/Desktop/CutImageForYou/CutImageForYou/Support/PrefixHeader.pch;
				GCC_PREPROCESSOR_DEFINITIONS = (
					"DEBUG=1",
					"$(inherited)",
				);
				GCC_WARN_64_TO_32_BIT_CONVERSION = YES;
				GCC_WARN_ABOUT_RETURN_TYPE = YES_ERROR;
				GCC_WARN_UNDECLARED_SELECTOR = YES;
				GCC_WARN_UNINITIALIZED_AUTOS = YES_AGGRESSIVE;
				GCC_WARN_UNUSED_FUNCTION = YES;
				GCC_WARN_UNUSED_VARIABLE = YES;
				IPHONEOS_DEPLOYMENT_TARGET = 8.0;
				MTL_ENABLE_DEBUG_INFO = YES;
				ONLY_ACTIVE_ARCH = YES;
				SDKROOT = iphoneos;
			};
			name = Debug;
		};
		15FAC19020A524D800DD5E1B /* Release */ = {
			isa = XCBuildConfiguration;
			buildSettings = {
				ALWAYS_SEARCH_USER_PATHS = NO;
				CLANG_ANALYZER_NONNULL = YES;
				CLANG_ANALYZER_NUMBER_OBJECT_CONVERSION = YES_AGGRESSIVE;
				CLANG_CXX_LANGUAGE_STANDARD = "gnu++14";
				CLANG_CXX_LIBRARY = "libc++";
				CLANG_ENABLE_MODULES = YES;
				CLANG_ENABLE_OBJC_ARC = YES;
				CLANG_WARN_BLOCK_CAPTURE_AUTORELEASING = YES;
				CLANG_WARN_BOOL_CONVERSION = YES;
				CLANG_WARN_COMMA = YES;
				CLANG_WARN_CONSTANT_CONVERSION = YES;
				CLANG_WARN_DIRECT_OBJC_ISA_USAGE = YES_ERROR;
				CLANG_WARN_DOCUMENTATION_COMMENTS = YES;
				CLANG_WARN_EMPTY_BODY = YES;
				CLANG_WARN_ENUM_CONVERSION = YES;
				CLANG_WARN_INFINITE_RECURSION = YES;
				CLANG_WARN_INT_CONVERSION = YES;
				CLANG_WARN_NON_LITERAL_NULL_CONVERSION = YES;
				CLANG_WARN_OBJC_LITERAL_CONVERSION = YES;
				CLANG_WARN_OBJC_ROOT_CLASS = YES_ERROR;
				CLANG_WARN_RANGE_LOOP_ANALYSIS = YES;
				CLANG_WARN_STRICT_PROTOTYPES = YES;
				CLANG_WARN_SUSPICIOUS_MOVE = YES;
				CLANG_WARN_UNGUARDED_AVAILABILITY = YES_AGGRESSIVE;
				CLANG_WARN_UNREACHABLE_CODE = YES;
				CLANG_WARN__DUPLICATE_METHOD_MATCH = YES;
				CODE_SIGN_IDENTITY = "iPhone Developer";
				COPY_PHASE_STRIP = NO;
				DEBUG_INFORMATION_FORMAT = "dwarf-with-dsym";
				ENABLE_NS_ASSERTIONS = NO;
				ENABLE_STRICT_OBJC_MSGSEND = YES;
				GCC_C_LANGUAGE_STANDARD = gnu11;
				GCC_NO_COMMON_BLOCKS = YES;
				GCC_PREFIX_HEADER = /Users/chenxi/Desktop/CutImageForYou/CutImageForYou/Support/PrefixHeader.pch;
				GCC_WARN_64_TO_32_BIT_CONVERSION = YES;
				GCC_WARN_ABOUT_RETURN_TYPE = YES_ERROR;
				GCC_WARN_UNDECLARED_SELECTOR = YES;
				GCC_WARN_UNINITIALIZED_AUTOS = YES_AGGRESSIVE;
				GCC_WARN_UNUSED_FUNCTION = YES;
				GCC_WARN_UNUSED_VARIABLE = YES;
				IPHONEOS_DEPLOYMENT_TARGET = 8.0;
				MTL_ENABLE_DEBUG_INFO = NO;
				SDKROOT = iphoneos;
				VALIDATE_PRODUCT = YES;
			};
			name = Release;
		};
		15FAC19220A524D800DD5E1B /* Debug */ = {
			isa = XCBuildConfiguration;
			buildSettings = {
				ASSETCATALOG_COMPILER_APPICON_NAME = AppIcon;
				CODE_SIGN_IDENTITY = "iPhone Developer";
				"CODE_SIGN_IDENTITY[sdk=iphoneos*]" = "iPhone Developer";
				CODE_SIGN_STYLE = Automatic;
				DEVELOPMENT_TEAM = F7C352F4MW;
				FRAMEWORK_SEARCH_PATHS = (
					"$(inherited)",
					"$(PROJECT_DIR)/CutImageForYou/Support",
				);
				GCC_PREFIX_HEADER = "$(SRCROOT)/CutImageForYou/Support/PrefixHeader.pch";
				INFOPLIST_FILE = CutImageForYou/Info.plist;
				LD_RUNPATH_SEARCH_PATHS = "$(inherited) @executable_path/Frameworks";
				PRODUCT_BUNDLE_IDENTIFIER = com.chenxi.jiugongge;
				PRODUCT_NAME = "$(TARGET_NAME)";
				PROVISIONING_PROFILE = "";
				PROVISIONING_PROFILE_SPECIFIER = "";
				TARGETED_DEVICE_FAMILY = "1,2";
			};
			name = Debug;
		};
		15FAC19320A524D800DD5E1B /* Release */ = {
			isa = XCBuildConfiguration;
			buildSettings = {
				ASSETCATALOG_COMPILER_APPICON_NAME = AppIcon;
				CODE_SIGN_IDENTITY = "iPhone Developer";
				"CODE_SIGN_IDENTITY[sdk=iphoneos*]" = "iPhone Developer";
				CODE_SIGN_STYLE = Automatic;
				DEVELOPMENT_TEAM = F7C352F4MW;
				FRAMEWORK_SEARCH_PATHS = (
					"$(inherited)",
					"$(PROJECT_DIR)/CutImageForYou/Support",
				);
				GCC_PREFIX_HEADER = "$(SRCROOT)/CutImageForYou/Support/PrefixHeader.pch";
				INFOPLIST_FILE = CutImageForYou/Info.plist;
				LD_RUNPATH_SEARCH_PATHS = "$(inherited) @executable_path/Frameworks";
				PRODUCT_BUNDLE_IDENTIFIER = com.chenxi.jiugongge;
				PRODUCT_NAME = "$(TARGET_NAME)";
				PROVISIONING_PROFILE = "";
				PROVISIONING_PROFILE_SPECIFIER = "";
				TARGETED_DEVICE_FAMILY = "1,2";
			};
			name = Release;
		};
		15FAC19520A524D800DD5E1B /* Debug */ = {
			isa = XCBuildConfiguration;
			buildSettings = {
				BUNDLE_LOADER = "$(TEST_HOST)";
				CODE_SIGN_STYLE = Automatic;
				INFOPLIST_FILE = CutImageForYouTests/Info.plist;
				LD_RUNPATH_SEARCH_PATHS = "$(inherited) @executable_path/Frameworks @loader_path/Frameworks";
				PRODUCT_BUNDLE_IDENTIFIER = com.chenxi.youzi.CutImageForYouTests;
				PRODUCT_NAME = "$(TARGET_NAME)";
				TARGETED_DEVICE_FAMILY = "1,2";
				TEST_HOST = "$(BUILT_PRODUCTS_DIR)/CutImageForYou.app/CutImageForYou";
			};
			name = Debug;
		};
		15FAC19620A524D800DD5E1B /* Release */ = {
			isa = XCBuildConfiguration;
			buildSettings = {
				BUNDLE_LOADER = "$(TEST_HOST)";
				CODE_SIGN_STYLE = Automatic;
				INFOPLIST_FILE = CutImageForYouTests/Info.plist;
				LD_RUNPATH_SEARCH_PATHS = "$(inherited) @executable_path/Frameworks @loader_path/Frameworks";
				PRODUCT_BUNDLE_IDENTIFIER = com.chenxi.youzi.CutImageForYouTests;
				PRODUCT_NAME = "$(TARGET_NAME)";
				TARGETED_DEVICE_FAMILY = "1,2";
				TEST_HOST = "$(BUILT_PRODUCTS_DIR)/CutImageForYou.app/CutImageForYou";
			};
			name = Release;
		};
		15FAC19820A524D800DD5E1B /* Debug */ = {
			isa = XCBuildConfiguration;
			buildSettings = {
				CODE_SIGN_STYLE = Automatic;
				INFOPLIST_FILE = CutImageForYouUITests/Info.plist;
				LD_RUNPATH_SEARCH_PATHS = "$(inherited) @executable_path/Frameworks @loader_path/Frameworks";
				PRODUCT_BUNDLE_IDENTIFIER = com.chenxi.youzi.CutImageForYouUITests;
				PRODUCT_NAME = "$(TARGET_NAME)";
				TARGETED_DEVICE_FAMILY = "1,2";
				TEST_TARGET_NAME = CutImageForYou;
			};
			name = Debug;
		};
		15FAC19920A524D800DD5E1B /* Release */ = {
			isa = XCBuildConfiguration;
			buildSettings = {
				CODE_SIGN_STYLE = Automatic;
				INFOPLIST_FILE = CutImageForYouUITests/Info.plist;
				LD_RUNPATH_SEARCH_PATHS = "$(inherited) @executable_path/Frameworks @loader_path/Frameworks";
				PRODUCT_BUNDLE_IDENTIFIER = com.chenxi.youzi.CutImageForYouUITests;
				PRODUCT_NAME = "$(TARGET_NAME)";
				TARGETED_DEVICE_FAMILY = "1,2";
				TEST_TARGET_NAME = CutImageForYou;
			};
			name = Release;
		};
/* End XCBuildConfiguration section */

/* Begin XCConfigurationList section */
		15FAC16020A524D500DD5E1B /* Build configuration list for PBXProject "CutImageForYou" */ = {
			isa = XCConfigurationList;
			buildConfigurations = (
				15FAC18F20A524D800DD5E1B /* Debug */,
				15FAC19020A524D800DD5E1B /* Release */,
			);
			defaultConfigurationIsVisible = 0;
			defaultConfigurationName = Release;
		};
		15FAC19120A524D800DD5E1B /* Build configuration list for PBXNativeTarget "CutImageForYou" */ = {
			isa = XCConfigurationList;
			buildConfigurations = (
				15FAC19220A524D800DD5E1B /* Debug */,
				15FAC19320A524D800DD5E1B /* Release */,
			);
			defaultConfigurationIsVisible = 0;
			defaultConfigurationName = Release;
		};
		15FAC19420A524D800DD5E1B /* Build configuration list for PBXNativeTarget "CutImageForYouTests" */ = {
			isa = XCConfigurationList;
			buildConfigurations = (
				15FAC19520A524D800DD5E1B /* Debug */,
				15FAC19620A524D800DD5E1B /* Release */,
			);
			defaultConfigurationIsVisible = 0;
			defaultConfigurationName = Release;
		};
		15FAC19720A524D800DD5E1B /* Build configuration list for PBXNativeTarget "CutImageForYouUITests" */ = {
			isa = XCConfigurationList;
			buildConfigurations = (
				15FAC19820A524D800DD5E1B /* Debug */,
				15FAC19920A524D800DD5E1B /* Release */,
			);
			defaultConfigurationIsVisible = 0;
			defaultConfigurationName = Release;
		};
/* End XCConfigurationList section */
	};
	rootObject = 15FAC15D20A524D500DD5E1B /* Project object */;
}
